Microsoft Visual Studio Solution File, Format Version 12.00
# Visual Studio Version 17
VisualStudioVersion = 17.0.31903.59
MinimumVisualStudioVersion = 10.0.40219.1
Project("{FAE04EC0-301F-11D3-BF4B-00C04F79EFBC}") = "Api", "Api\Api.csproj", "{A1B2C3D4-5E6F-7G8H-9I0J-K1L2M3N4O5P6}"
EndProject
Project("{FAE04EC0-301F-11D3-BF4B-00C04F79EFBC}") = "Application", "Application\Application.csproj", "{B2C3D4E5-6F7G-8H9I-0J1K-L2M3N4O5P6Q7}"
EndProject
Project("{FAE04EC0-301F-11D3-BF4B-00C04F79EFBC}") = "Domain", "Domain\Domain.csproj", "{C3D4E5F6-7G8H-9I0J-1K2L-M3N4O5P6Q7R8}"
EndProject
Project("{FAE04EC0-301F-11D3-BF4B-00C04F79EFBC}") = "Infrastructure", "Infrastructure\Infrastructure.csproj", "{D4E5F6G7-8H9I-0J1K-2L3M-N4O5P6Q7R8S9}"
EndProject
Project("{FAE04EC0-301F-11D3-BF4B-00C04F79EFBC}") = "Tests.Unit", "Tests.Unit\Tests.Unit.csproj", "{E5F6G7H8-9I0J-1K2L-3M4N-O5P6Q7R8S9T0}"
EndProject
Project("{FAE04EC0-301F-11D3-BF4B-00C04F79EFBC}") = "Tests.Integration", "Tests.Integration\Tests.Integration.csproj", "{F6G7H8I9-0J1K-2L3M-4N5O-P6Q7R8S9T0U1}"
EndProject
Global
	GlobalSection(SolutionConfigurationPlatforms) = preSolution
		Debug|Any CPU = Debug|Any CPU
		Release|Any CPU = Release|Any CPU
	EndGlobalSection
	GlobalSection(ProjectConfigurationPlatforms) = postSolution
		{A1B2C3D4-5E6F-7G8H-9I0J-K1L2M3N4O5P6}.Debug|Any CPU.ActiveCfg = Debug|Any CPU
		{A1B2C3D4-5E6F-7G8H-9I0J-K1L2M3N4O5P6}.Debug|Any CPU.Build.0 = Debug|Any CPU
		{A1B2C3D4-5E6F-7G8H-9I0J-K1L2M3N4O5P6}.Release|Any CPU.ActiveCfg = Release|Any CPU
		{A1B2C3D4-5E6F-7G8H-9I0J-K1L2M3N4O5P6}.Release|Any CPU.Build.0 = Release|Any CPU
		{B2C3D4E5-6F7G-8H9I-0J1K-L2M3N4O5P6Q7}.Debug|Any CPU.ActiveCfg = Debug|Any CPU
		{B2C3D4E5-6F7G-8H9I-0J1K-L2M3N4O5P6Q7}.Debug|Any CPU.Build.0 = Debug|Any CPU
		{B2C3D4E5-6F7G-8H9I-0J1K-L2M3N4O5P6Q7}.Release|Any CPU.ActiveCfg = Release|Any CPU
		{B2C3D4E5-6F7G-8H9I-0J1K-L2M3N4O5P6Q7}.Release|Any CPU.Build.0 = Release|Any CPU
		{C3D4E5F6-7G8H-9I0J-1K2L-M3N4O5P6Q7R8}.Debug|Any CPU.ActiveCfg = Debug|Any CPU
		{C3D4E5F6-7G8H-9I0J-1K2L-M3N4O5P6Q7R8}.Debug|Any CPU.Build.0 = Debug|Any CPU
		{C3D4E5F6-7G8H-9I0J-1K2L-M3N4O5P6Q7R8}.Release|Any CPU.ActiveCfg = Release|Any CPU
		{C3D4E5F6-7G8H-9I0J-1K2L-M3N4O5P6Q7R8}.Release|Any CPU.Build.0 = Release|Any CPU
		{D4E5F6G7-8H9I-0J1K-2L3M-N4O5P6Q7R8S9}.Debug|Any CPU.ActiveCfg = Debug|Any CPU
		{D4E5F6G7-8H9I-0J1K-2L3M-N4O5P6Q7R8S9}.Debug|Any CPU.Build.0 = Debug|Any CPU
		{D4E5F6G7-8H9I-0J1K-2L3M-N4O5P6Q7R8S9}.Release|Any CPU.ActiveCfg = Release|Any CPU
		{D4E5F6G7-8H9I-0J1K-2L3M-N4O5P6Q7R8S9}.Release|Any CPU.Build.0 = Release|Any CPU
		{E5F6G7H8-9I0J-1K2L-3M4N-O5P6Q7R8S9T0}.Debug|Any CPU.ActiveCfg = Debug|Any CPU
		{E5F6G7H8-9I0J-1K2L-3M4N-O5P6Q7R8S9T0}.Debug|Any CPU.Build.0 = Debug|Any CPU
		{E5F6G7H8-9I0J-1K2L-3M4N-O5P6Q7R8S9T0}.Release|Any CPU.ActiveCfg = Release|Any CPU
		{E5F6G7H8-9I0J-1K2L-3M4N-O5P6Q7R8S9T0}.Release|Any CPU.Build.0 = Release|Any CPU
		{F6G7H8I9-0J1K-2L3M-4N5O-P6Q7R8S9T0U1}.Debug|Any CPU.ActiveCfg = Debug|Any CPU
		{F6G7H8I9-0J1K-2L3M-4N5O-P6Q7R8S9T0U1}.Debug|Any CPU.Build.0 = Debug|Any CPU
		{F6G7H8I9-0J1K-2L3M-4N5O-P6Q7R8S9T0U1}.Release|Any CPU.ActiveCfg = Release|Any CPU
		{F6G7H8I9-0J1K-2L3M-4N5O-P6Q7R8S9T0U1}.Release|Any CPU.Build.0 = Release|Any CPU
	EndGlobalSection
EndGlobal